# This file is automatically @generated by Cargo.
# It is not intended for manual editing.
version = 3

[[package]]
name = "bin-high"
version = "0.0.0"
dependencies = [
 "lib-low",
]

[[package]]
name = "bin-high-bad"
version = "0.0.0"
dependencies = [
 "lib-low",
]

[[package]]
name = "lib-low"
version = "0.0.0"
